
Microsoft Visual Studio Solution File, Format Version 12.00
# Visual Studio Version 17
VisualStudioVersion = 17.5.33627.172
MinimumVisualStudioVersion = 10.0.40219.1
Project("{9A19103F-16F7-4668-BE54-9A1E7A4F7556}") = "Utilities", "Utilities\Utilities.csproj", "{9FDE7FEE-D4DE-47A7-A5E8-E35A805AC906}"
EndProject
Project("{FAE04EC0-301F-11D3-BF4B-00C04F79EFBC}") = "Easy", "Easy\Easy.csproj", "{15FC3CA1-4D1A-4520-AB2A-34B33786991F}"
EndProject
Project("{9A19103F-16F7-4668-BE54-9A1E7A4F7556}") = "MyStyles", "MyStyles\MyStyles.csproj", "{CBE76131-819E-415D-BB44-B1DB1FA49274}"
EndProject
Project("{FAE04EC0-301F-11D3-BF4B-00C04F79EFBC}") = "RelativeSource", "RelativeSource\RelativeSource.csproj", "{F56825A5-E0BE-481F-8E07-3DD3270DE8EE}"
EndProject
Project("{FAE04EC0-301F-11D3-BF4B-00C04F79EFBC}") = "Dynamic", "Dynamic\Dynamic.csproj", "{47079CD5-B8AA-49D8-AC60-EB628E4F2A5B}"
EndProject
Project("{FAE04EC0-301F-11D3-BF4B-00C04F79EFBC}") = "FlexibleGUI", "FlexibleGUI\FlexibleGUI.csproj", "{7AF41FC8-61F8-43ED-8B07-CFE033611F9B}"
EndProject
Project("{FAE04EC0-301F-11D3-BF4B-00C04F79EFBC}") = "BindableRichTextBox", "BindableRichTextBox\BindableRichTextBox.csproj", "{0F962F70-2C47-44ED-97E5-2A35E91EDDB2}"
EndProject
Project("{FAE04EC0-301F-11D3-BF4B-00C04F79EFBC}") = "TestGraphics", "TestGraphics\TestGraphics.csproj", "{FC23233A-1AF4-4A21-8C7A-A6CD35DEBB19}"
EndProject
Project("{FAE04EC0-301F-11D3-BF4B-00C04F79EFBC}") = "Validation", "Validation\Validation.csproj", "{81181F87-44CD-4737-86AF-092353FD6774}"
EndProject
Project("{FAE04EC0-301F-11D3-BF4B-00C04F79EFBC}") = "Tree", "Tree\Tree.csproj", "{1696AB50-7A65-498D-B31E-BEA7F8B52E24}"
EndProject
Project("{FAE04EC0-301F-11D3-BF4B-00C04F79EFBC}") = "MessageBox", "MessageBox\MessageBox.csproj", "{CBCAE20F-689D-46F4-A134-412C6C0144D5}"
EndProject
Project("{FAE04EC0-301F-11D3-BF4B-00C04F79EFBC}") = "PropertyChanged", "PropertyChanged\PropertyChanged.csproj", "{A716FD64-C43E-485E-8F02-C5E32B30789A}"
EndProject
Project("{FAE04EC0-301F-11D3-BF4B-00C04F79EFBC}") = "MultiLanguages", "MultiLanguages\MultiLanguages.csproj", "{A0D39618-2343-4BCC-A094-662EC31F2507}"
EndProject
Project("{FAE04EC0-301F-11D3-BF4B-00C04F79EFBC}") = "DynamicGrid", "DynamicGrid\DynamicGrid.csproj", "{3C3A38C4-DF38-4A71-B2B8-D7ABE96934F2}"
EndProject
Global
	GlobalSection(SolutionConfigurationPlatforms) = preSolution
		Debug|Any CPU = Debug|Any CPU
		Release|Any CPU = Release|Any CPU
	EndGlobalSection
	GlobalSection(ProjectConfigurationPlatforms) = postSolution
		{9FDE7FEE-D4DE-47A7-A5E8-E35A805AC906}.Debug|Any CPU.ActiveCfg = Debug|Any CPU
		{9FDE7FEE-D4DE-47A7-A5E8-E35A805AC906}.Debug|Any CPU.Build.0 = Debug|Any CPU
		{9FDE7FEE-D4DE-47A7-A5E8-E35A805AC906}.Release|Any CPU.ActiveCfg = Release|Any CPU
		{9FDE7FEE-D4DE-47A7-A5E8-E35A805AC906}.Release|Any CPU.Build.0 = Release|Any CPU
		{15FC3CA1-4D1A-4520-AB2A-34B33786991F}.Debug|Any CPU.ActiveCfg = Debug|Any CPU
		{15FC3CA1-4D1A-4520-AB2A-34B33786991F}.Debug|Any CPU.Build.0 = Debug|Any CPU
		{15FC3CA1-4D1A-4520-AB2A-34B33786991F}.Release|Any CPU.ActiveCfg = Release|Any CPU
		{15FC3CA1-4D1A-4520-AB2A-34B33786991F}.Release|Any CPU.Build.0 = Release|Any CPU
		{CBE76131-819E-415D-BB44-B1DB1FA49274}.Debug|Any CPU.ActiveCfg = Debug|Any CPU
		{CBE76131-819E-415D-BB44-B1DB1FA49274}.Debug|Any CPU.Build.0 = Debug|Any CPU
		{CBE76131-819E-415D-BB44-B1DB1FA49274}.Release|Any CPU.ActiveCfg = Release|Any CPU
		{CBE76131-819E-415D-BB44-B1DB1FA49274}.Release|Any CPU.Build.0 = Release|Any CPU
		{F56825A5-E0BE-481F-8E07-3DD3270DE8EE}.Debug|Any CPU.ActiveCfg = Debug|Any CPU
		{F56825A5-E0BE-481F-8E07-3DD3270DE8EE}.Debug|Any CPU.Build.0 = Debug|Any CPU
		{F56825A5-E0BE-481F-8E07-3DD3270DE8EE}.Release|Any CPU.ActiveCfg = Release|Any CPU
		{F56825A5-E0BE-481F-8E07-3DD3270DE8EE}.Release|Any CPU.Build.0 = Release|Any CPU
		{47079CD5-B8AA-49D8-AC60-EB628E4F2A5B}.Debug|Any CPU.ActiveCfg = Debug|Any CPU
		{47079CD5-B8AA-49D8-AC60-EB628E4F2A5B}.Debug|Any CPU.Build.0 = Debug|Any CPU
		{47079CD5-B8AA-49D8-AC60-EB628E4F2A5B}.Release|Any CPU.ActiveCfg = Release|Any CPU
		{47079CD5-B8AA-49D8-AC60-EB628E4F2A5B}.Release|Any CPU.Build.0 = Release|Any CPU
		{7AF41FC8-61F8-43ED-8B07-CFE033611F9B}.Debug|Any CPU.ActiveCfg = Debug|Any CPU
		{7AF41FC8-61F8-43ED-8B07-CFE033611F9B}.Debug|Any CPU.Build.0 = Debug|Any CPU
		{7AF41FC8-61F8-43ED-8B07-CFE033611F9B}.Release|Any CPU.ActiveCfg = Release|Any CPU
		{7AF41FC8-61F8-43ED-8B07-CFE033611F9B}.Release|Any CPU.Build.0 = Release|Any CPU
		{0F962F70-2C47-44ED-97E5-2A35E91EDDB2}.Debug|Any CPU.ActiveCfg = Debug|Any CPU
		{0F962F70-2C47-44ED-97E5-2A35E91EDDB2}.Debug|Any CPU.Build.0 = Debug|Any CPU
		{0F962F70-2C47-44ED-97E5-2A35E91EDDB2}.Release|Any CPU.ActiveCfg = Release|Any CPU
		{0F962F70-2C47-44ED-97E5-2A35E91EDDB2}.Release|Any CPU.Build.0 = Release|Any CPU
		{FC23233A-1AF4-4A21-8C7A-A6CD35DEBB19}.Debug|Any CPU.ActiveCfg = Debug|Any CPU
		{FC23233A-1AF4-4A21-8C7A-A6CD35DEBB19}.Debug|Any CPU.Build.0 = Debug|Any CPU
		{FC23233A-1AF4-4A21-8C7A-A6CD35DEBB19}.Release|Any CPU.ActiveCfg = Release|Any CPU
		{FC23233A-1AF4-4A21-8C7A-A6CD35DEBB19}.Release|Any CPU.Build.0 = Release|Any CPU
		{81181F87-44CD-4737-86AF-092353FD6774}.Debug|Any CPU.ActiveCfg = Debug|Any CPU
		{81181F87-44CD-4737-86AF-092353FD6774}.Debug|Any CPU.Build.0 = Debug|Any CPU
		{81181F87-44CD-4737-86AF-092353FD6774}.Release|Any CPU.ActiveCfg = Release|Any CPU
		{81181F87-44CD-4737-86AF-092353FD6774}.Release|Any CPU.Build.0 = Release|Any CPU
		{1696AB50-7A65-498D-B31E-BEA7F8B52E24}.Debug|Any CPU.ActiveCfg = Debug|Any CPU
		{1696AB50-7A65-498D-B31E-BEA7F8B52E24}.Debug|Any CPU.Build.0 = Debug|Any CPU
		{1696AB50-7A65-498D-B31E-BEA7F8B52E24}.Release|Any CPU.ActiveCfg = Release|Any CPU
		{1696AB50-7A65-498D-B31E-BEA7F8B52E24}.Release|Any CPU.Build.0 = Release|Any CPU
		{CBCAE20F-689D-46F4-A134-412C6C0144D5}.Debug|Any CPU.ActiveCfg = Debug|Any CPU
		{CBCAE20F-689D-46F4-A134-412C6C0144D5}.Debug|Any CPU.Build.0 = Debug|Any CPU
		{CBCAE20F-689D-46F4-A134-412C6C0144D5}.Release|Any CPU.ActiveCfg = Release|Any CPU
		{CBCAE20F-689D-46F4-A134-412C6C0144D5}.Release|Any CPU.Build.0 = Release|Any CPU
		{A716FD64-C43E-485E-8F02-C5E32B30789A}.Debug|Any CPU.ActiveCfg = Debug|Any CPU
		{A716FD64-C43E-485E-8F02-C5E32B30789A}.Debug|Any CPU.Build.0 = Debug|Any CPU
		{A716FD64-C43E-485E-8F02-C5E32B30789A}.Release|Any CPU.ActiveCfg = Release|Any CPU
		{A716FD64-C43E-485E-8F02-C5E32B30789A}.Release|Any CPU.Build.0 = Release|Any CPU
		{A0D39618-2343-4BCC-A094-662EC31F2507}.Debug|Any CPU.ActiveCfg = Debug|Any CPU
		{A0D39618-2343-4BCC-A094-662EC31F2507}.Debug|Any CPU.Build.0 = Debug|Any CPU
		{A0D39618-2343-4BCC-A094-662EC31F2507}.Release|Any CPU.ActiveCfg = Release|Any CPU
		{A0D39618-2343-4BCC-A094-662EC31F2507}.Release|Any CPU.Build.0 = Release|Any CPU
		{3C3A38C4-DF38-4A71-B2B8-D7ABE96934F2}.Debug|Any CPU.ActiveCfg = Debug|Any CPU
		{3C3A38C4-DF38-4A71-B2B8-D7ABE96934F2}.Debug|Any CPU.Build.0 = Debug|Any CPU
		{3C3A38C4-DF38-4A71-B2B8-D7ABE96934F2}.Release|Any CPU.ActiveCfg = Release|Any CPU
		{3C3A38C4-DF38-4A71-B2B8-D7ABE96934F2}.Release|Any CPU.Build.0 = Release|Any CPU
	EndGlobalSection
	GlobalSection(SolutionProperties) = preSolution
		HideSolutionNode = FALSE
	EndGlobalSection
	GlobalSection(ExtensibilityGlobals) = postSolution
		SolutionGuid = {C9138B9E-DF1E-4911-B285-5FB9AE8F9827}
	EndGlobalSection
EndGlobal
